<?xml version="1.0" encoding="UTF-8" standalone="yes" ?>
<CodeBlocks_project_file>
   <FileVersion major="1" minor="6" />
   <Project>
      <Option title="data_structures_and_algorithms" />
      <Option makefile_is_custom="1" />
      <Option compiler="gcc" />
      <Option virtualFolders="CMake Files\;" />
      <Build>
      <Target title="all">
         <Option working_dir="/home/jaskurzy/cpp/cpp/data_structures_and_algorithms" />
         <Option type="4" />
         <MakeCommands>
            <Build command="/usr/bin/make -f &quot;/home/jaskurzy/cpp/cpp/data_structures_and_algorithms/Makefile&quot;  VERBOSE=1 all" />
            <CompileFile command="/usr/bin/make -f &quot;/home/jaskurzy/cpp/cpp/data_structures_and_algorithms/Makefile&quot;  VERBOSE=1 &quot;$file&quot;" />
            <Clean command="/usr/bin/make -f &quot;/home/jaskurzy/cpp/cpp/data_structures_and_algorithms/Makefile&quot;  VERBOSE=1 clean" />
            <DistClean command="/usr/bin/make -f &quot;/home/jaskurzy/cpp/cpp/data_structures_and_algorithms/Makefile&quot;  VERBOSE=1 clean" />
         </MakeCommands>
      </Target>
      <Target title="edit_cache">
         <Option working_dir="/home/jaskurzy/cpp/cpp/data_structures_and_algorithms" />
         <Option type="4" />
         <MakeCommands>
            <Build command="/usr/bin/make -f &quot;/home/jaskurzy/cpp/cpp/data_structures_and_algorithms/Makefile&quot;  VERBOSE=1 edit_cache" />
            <CompileFile command="/usr/bin/make -f &quot;/home/jaskurzy/cpp/cpp/data_structures_and_algorithms/Makefile&quot;  VERBOSE=1 &quot;$file&quot;" />
            <Clean command="/usr/bin/make -f &quot;/home/jaskurzy/cpp/cpp/data_structures_and_algorithms/Makefile&quot;  VERBOSE=1 clean" />
            <DistClean command="/usr/bin/make -f &quot;/home/jaskurzy/cpp/cpp/data_structures_and_algorithms/Makefile&quot;  VERBOSE=1 clean" />
         </MakeCommands>
      </Target>
      <Target title="rebuild_cache">
         <Option working_dir="/home/jaskurzy/cpp/cpp/data_structures_and_algorithms" />
         <Option type="4" />
         <MakeCommands>
            <Build command="/usr/bin/make -f &quot;/home/jaskurzy/cpp/cpp/data_structures_and_algorithms/Makefile&quot;  VERBOSE=1 rebuild_cache" />
            <CompileFile command="/usr/bin/make -f &quot;/home/jaskurzy/cpp/cpp/data_structures_and_algorithms/Makefile&quot;  VERBOSE=1 &quot;$file&quot;" />
            <Clean command="/usr/bin/make -f &quot;/home/jaskurzy/cpp/cpp/data_structures_and_algorithms/Makefile&quot;  VERBOSE=1 clean" />
            <DistClean command="/usr/bin/make -f &quot;/home/jaskurzy/cpp/cpp/data_structures_and_algorithms/Makefile&quot;  VERBOSE=1 clean" />
         </MakeCommands>
      </Target>
      <Target title="data_structures_and_algorithms">
         <Option output="/home/jaskurzy/cpp/cpp/data_structures_and_algorithms/data_structures_and_algorithms" prefix_auto="0" extension_auto="0" />
         <Option working_dir="/home/jaskurzy/cpp/cpp/data_structures_and_algorithms" />
         <Option object_output="./" />
         <Option type="1" />
         <Option compiler="gcc" />
         <Compiler>
            <Add directory="/usr/include" />
            <Add directory="/usr/include/c++/5" />
            <Add directory="/usr/include/c++/5/backward" />
            <Add directory="/usr/include/x86_64-linux-gnu" />
            <Add directory="/usr/include/x86_64-linux-gnu/c++/5" />
            <Add directory="/usr/lib/gcc/x86_64-linux-gnu/5/include" />
            <Add directory="/usr/lib/gcc/x86_64-linux-gnu/5/include-fixed" />
            <Add directory="/usr/local/include" />
         </Compiler>
         <MakeCommands>
            <Build command="/usr/bin/make -f &quot;/home/jaskurzy/cpp/cpp/data_structures_and_algorithms/Makefile&quot;  VERBOSE=1 data_structures_and_algorithms" />
            <CompileFile command="/usr/bin/make -f &quot;/home/jaskurzy/cpp/cpp/data_structures_and_algorithms/Makefile&quot;  VERBOSE=1 &quot;$file&quot;" />
            <Clean command="/usr/bin/make -f &quot;/home/jaskurzy/cpp/cpp/data_structures_and_algorithms/Makefile&quot;  VERBOSE=1 clean" />
            <DistClean command="/usr/bin/make -f &quot;/home/jaskurzy/cpp/cpp/data_structures_and_algorithms/Makefile&quot;  VERBOSE=1 clean" />
         </MakeCommands>
      </Target>
      <Target title="data_structures_and_algorithms/fast">
         <Option output="/home/jaskurzy/cpp/cpp/data_structures_and_algorithms/data_structures_and_algorithms" prefix_auto="0" extension_auto="0" />
         <Option working_dir="/home/jaskurzy/cpp/cpp/data_structures_and_algorithms" />
         <Option object_output="./" />
         <Option type="1" />
         <Option compiler="gcc" />
         <Compiler>
            <Add directory="/usr/include" />
            <Add directory="/usr/include/c++/5" />
            <Add directory="/usr/include/c++/5/backward" />
            <Add directory="/usr/include/x86_64-linux-gnu" />
            <Add directory="/usr/include/x86_64-linux-gnu/c++/5" />
            <Add directory="/usr/lib/gcc/x86_64-linux-gnu/5/include" />
            <Add directory="/usr/lib/gcc/x86_64-linux-gnu/5/include-fixed" />
            <Add directory="/usr/local/include" />
         </Compiler>
         <MakeCommands>
            <Build command="/usr/bin/make -f &quot;/home/jaskurzy/cpp/cpp/data_structures_and_algorithms/Makefile&quot;  VERBOSE=1 data_structures_and_algorithms/fast" />
            <CompileFile command="/usr/bin/make -f &quot;/home/jaskurzy/cpp/cpp/data_structures_and_algorithms/Makefile&quot;  VERBOSE=1 &quot;$file&quot;" />
            <Clean command="/usr/bin/make -f &quot;/home/jaskurzy/cpp/cpp/data_structures_and_algorithms/Makefile&quot;  VERBOSE=1 clean" />
            <DistClean command="/usr/bin/make -f &quot;/home/jaskurzy/cpp/cpp/data_structures_and_algorithms/Makefile&quot;  VERBOSE=1 clean" />
         </MakeCommands>
      </Target>
      </Build>
      <Unit filename="/home/jaskurzy/cpp/cpp/data_structures_and_algorithms/CMakeFiles/3.5.1/CompilerIdCXX/CMakeCXXCompilerId.cpp">
         <Option target="data_structures_and_algorithms"/>
      </Unit>
      <Unit filename="/home/jaskurzy/cpp/cpp/data_structures_and_algorithms/array.cpp">
         <Option target="data_structures_and_algorithms"/>
      </Unit>
      <Unit filename="/home/jaskurzy/cpp/cpp/data_structures_and_algorithms/array.h">
         <Option target="data_structures_and_algorithms"/>
      </Unit>
      <Unit filename="/home/jaskurzy/cpp/cpp/data_structures_and_algorithms/main.cpp">
         <Option target="data_structures_and_algorithms"/>
      </Unit>
      <Unit filename="/home/jaskurzy/cpp/cpp/data_structures_and_algorithms/CMakeLists.txt">
          <Option virtualFolder="CMake Files\" />
      </Unit>
   </Project>
</CodeBlocks_project_file>
